{
  "name": "github-changes",
  "version": "1.1.1",
  "lockfileVersion": 1,
  "requires": true,
  "dependencies": {
    "bluebird": {
      "version": "1.0.3",
      "resolved": "https://registry.npmjs.org/bluebird/-/bluebird-1.0.3.tgz",
      "integrity": "sha1-xLRBGEgC47ZKYe7tRXgnG0yL9qw="
    },
    "ghauth": {
      "version": "3.0.0",
      "resolved": "https://registry.npmjs.org/ghauth/-/ghauth-3.0.0.tgz",
      "integrity": "sha1-gpKiTvR4mfGAo5x4DEgJVhKUvbw=",
      "requires": {
        "application-config": "0.1.2",
        "bl": "0.9.4",
        "hyperquest": "1.2.0",
        "mkdirp": "0.5.1",
        "read": "1.0.7",
        "xtend": "4.0.1"
      },
      "dependencies": {
        "application-config": {
          "version": "0.1.2",
          "resolved": "https://registry.npmjs.org/application-config/-/application-config-0.1.2.tgz",
          "integrity": "sha1-MnJTO1+fg7MjqeXWQKNVi1Cls4U=",
          "requires": {
            "application-config-path": "0.1.0",
            "mkdirp": "0.5.1"
          },
          "dependencies": {
            "application-config-path": {
              "version": "0.1.0",
              "resolved": "https://registry.npmjs.org/application-config-path/-/application-config-path-0.1.0.tgz",
              "integrity": "sha1-GTxfCoZUGkxm+6Hi3DhYM2LqXo8="
            }
          }
        },
        "bl": {
          "version": "0.9.4",
          "resolved": "https://registry.npmjs.org/bl/-/bl-0.9.4.tgz",
          "integrity": "sha1-RwLd9y++Ds2CeHwAwROuoZNa0Oc=",
          "requires": {
            "readable-stream": "1.0.33"
          },
          "dependencies": {
            "readable-stream": {
              "version": "1.0.33",
              "resolved": "https://registry.npmjs.org/readable-stream/-/readable-stream-1.0.33.tgz",
              "integrity": "sha1-OjYN1mwbHX/UcFOJhg7aHQ9hEmw=",
              "requires": {
                "core-util-is": "1.0.2",
                "inherits": "2.0.1",
                "isarray": "0.0.1",
                "string_decoder": "0.10.31"
              },
              "dependencies": {
                "core-util-is": {
                  "version": "1.0.2",
                  "resolved": "https://registry.npmjs.org/core-util-is/-/core-util-is-1.0.2.tgz",
                  "integrity": "sha1-tf1UIgqivFq1eqtxQMlAdUUDwac="
                },
                "inherits": {
                  "version": "2.0.1",
                  "resolved": "https://registry.npmjs.org/inherits/-/inherits-2.0.1.tgz",
                  "integrity": "sha1-sX0I0ya0Qj5Wjv9xn5GwscvfafE="
                },
                "isarray": {
                  "version": "0.0.1",
                  "resolved": "https://registry.npmjs.org/isarray/-/isarray-0.0.1.tgz",
                  "integrity": "sha1-ihis/Kmo9Bd+Cav8YDiTmwXR7t8="
                },
                "string_decoder": {
                  "version": "0.10.31",
                  "resolved": "https://registry.npmjs.org/string_decoder/-/string_decoder-0.10.31.tgz",
                  "integrity": "sha1-YuIDvEF2bGwoyfyEMB2rHFMQ+pQ="
                }
              }
            }
          }
        },
        "hyperquest": {
          "version": "1.2.0",
          "resolved": "https://registry.npmjs.org/hyperquest/-/hyperquest-1.2.0.tgz",
          "integrity": "sha1-OeH+9miI3Hzg3sbA3YFPb8iUStU=",
          "requires": {
            "duplexer2": "0.0.2",
            "through2": "0.6.5"
          },
          "dependencies": {
            "duplexer2": {
              "version": "0.0.2",
              "resolved": "https://registry.npmjs.org/duplexer2/-/duplexer2-0.0.2.tgz",
              "integrity": "sha1-xhTc9n4vsUmVqRcR5aYX6KYKMds=",
              "requires": {
                "readable-stream": "1.1.13"
              },
              "dependencies": {
                "readable-stream": {
                  "version": "1.1.13",
                  "resolved": "https://registry.npmjs.org/readable-stream/-/readable-stream-1.1.13.tgz",
                  "integrity": "sha1-9u73ZPUUyJ4rniMUanW6EGdW0j4=",
                  "requires": {
                    "core-util-is": "1.0.2",
                    "inherits": "2.0.1",
                    "isarray": "0.0.1",
                    "string_decoder": "0.10.31"
                  },
                  "dependencies": {
                    "core-util-is": {
                      "version": "1.0.2",
                      "resolved": "https://registry.npmjs.org/core-util-is/-/core-util-is-1.0.2.tgz",
                      "integrity": "sha1-tf1UIgqivFq1eqtxQMlAdUUDwac="
                    },
                    "inherits": {
                      "version": "2.0.1",
                      "resolved": "https://registry.npmjs.org/inherits/-/inherits-2.0.1.tgz",
                      "integrity": "sha1-sX0I0ya0Qj5Wjv9xn5GwscvfafE="
                    },
                    "isarray": {
                      "version": "0.0.1",
                      "resolved": "https://registry.npmjs.org/isarray/-/isarray-0.0.1.tgz",
                      "integrity": "sha1-ihis/Kmo9Bd+Cav8YDiTmwXR7t8="
                    },
                    "string_decoder": {
                      "version": "0.10.31",
                      "resolved": "https://registry.npmjs.org/string_decoder/-/string_decoder-0.10.31.tgz",
                      "integrity": "sha1-YuIDvEF2bGwoyfyEMB2rHFMQ+pQ="
                    }
                  }
                }
              }
            },
            "through2": {
              "version": "0.6.5",
              "resolved": "https://registry.npmjs.org/through2/-/through2-0.6.5.tgz",
              "integrity": "sha1-QaucZ7KdVyCQcUEOHXp6lozTrUg=",
              "requires": {
                "readable-stream": "1.0.33",
                "xtend": "4.0.1"
              },
              "dependencies": {
                "readable-stream": {
                  "version": "1.0.33",
                  "resolved": "https://registry.npmjs.org/readable-stream/-/readable-stream-1.0.33.tgz",
                  "integrity": "sha1-OjYN1mwbHX/UcFOJhg7aHQ9hEmw=",
                  "requires": {
                    "core-util-is": "1.0.2",
                    "inherits": "2.0.1",
                    "isarray": "0.0.1",
                    "string_decoder": "0.10.31"
                  },
                  "dependencies": {
                    "core-util-is": {
                      "version": "1.0.2",
                      "resolved": "https://registry.npmjs.org/core-util-is/-/core-util-is-1.0.2.tgz",
                      "integrity": "sha1-tf1UIgqivFq1eqtxQMlAdUUDwac="
                    },
                    "inherits": {
                      "version": "2.0.1",
                      "resolved": "https://registry.npmjs.org/inherits/-/inherits-2.0.1.tgz",
                      "integrity": "sha1-sX0I0ya0Qj5Wjv9xn5GwscvfafE="
                    },
                    "isarray": {
                      "version": "0.0.1",
                      "resolved": "https://registry.npmjs.org/isarray/-/isarray-0.0.1.tgz",
                      "integrity": "sha1-ihis/Kmo9Bd+Cav8YDiTmwXR7t8="
                    },
                    "string_decoder": {
                      "version": "0.10.31",
                      "resolved": "https://registry.npmjs.org/string_decoder/-/string_decoder-0.10.31.tgz",
                      "integrity": "sha1-YuIDvEF2bGwoyfyEMB2rHFMQ+pQ="
                    }
                  }
                }
              }
            }
          }
        },
        "mkdirp": {
          "version": "0.5.1",
          "resolved": "https://registry.npmjs.org/mkdirp/-/mkdirp-0.5.1.tgz",
          "integrity": "sha1-MAV0OOrGz3+MR2fzhkjWaX11yQM=",
          "requires": {
            "minimist": "0.0.8"
          },
          "dependencies": {
            "minimist": {
              "version": "0.0.8",
              "resolved": "https://registry.npmjs.org/minimist/-/minimist-0.0.8.tgz",
              "integrity": "sha1-hX/Kv8M5fSYluCKCYuhqp6ARsF0="
            }
          }
        },
        "read": {
          "version": "1.0.7",
          "resolved": "https://registry.npmjs.org/read/-/read-1.0.7.tgz",
          "integrity": "sha1-s9oZvQUkMal2cdRKQmNK33ELQMQ=",
          "requires": {
            "mute-stream": "0.0.5"
          },
          "dependencies": {
            "mute-stream": {
              "version": "0.0.5",
              "resolved": "https://registry.npmjs.org/mute-stream/-/mute-stream-0.0.5.tgz",
              "integrity": "sha1-j7+rsKmKJT0xhDMfno3rc3L6xsA="
            }
          }
        },
        "xtend": {
          "version": "4.0.1",
          "resolved": "https://registry.npmjs.org/xtend/-/xtend-4.0.1.tgz",
          "integrity": "sha1-pcbVMr5lbiPbgg77lDofBJmNY68="
        }
      }
    },
    "github": {
      "version": "0.1.16",
      "resolved": "https://registry.npmjs.org/github/-/github-0.1.16.tgz",
      "integrity": "sha1-iV0qhbD+t5gNiawM5PRNyqA/F7U="
    },
    "github-commit-stream": {
      "version": "0.1.0",
      "resolved": "https://registry.npmjs.org/github-commit-stream/-/github-commit-stream-0.1.0.tgz",
      "integrity": "sha1-2823smeWcYa3DMc2ORgw2mNo16E=",
      "requires": {
        "async": "0.2.10",
        "parse-link-header": "0.1.0",
        "request": "2.22.0",
        "through": "2.3.8"
      },
      "dependencies": {
        "async": {
          "version": "0.2.10",
          "resolved": "https://registry.npmjs.org/async/-/async-0.2.10.tgz",
          "integrity": "sha1-trvgsGdLnXGXCMo43owjfLUmw9E="
        },
        "request": {
          "version": "2.22.0",
          "resolved": "https://registry.npmjs.org/request/-/request-2.22.0.tgz",
          "integrity": "sha1-uIOnacxKkJVx61AEs0TEPPflFZI=",
          "requires": {
            "aws-sign": "0.3.0",
            "cookie-jar": "0.3.0",
            "forever-agent": "0.5.2",
            "form-data": "0.0.8",
            "hawk": "0.13.1",
            "http-signature": "0.10.1",
            "json-stringify-safe": "4.0.0",
            "mime": "1.2.11",
            "node-uuid": "1.4.7",
            "oauth-sign": "0.3.0",
            "qs": "0.6.6",
            "tunnel-agent": "0.3.0"
          },
          "dependencies": {
            "aws-sign": {
              "version": "0.3.0",
              "resolved": "https://registry.npmjs.org/aws-sign/-/aws-sign-0.3.0.tgz",
              "integrity": "sha1-PYHKabR0seFlGHKLUcJP8Lvtxuk="
            },
            "cookie-jar": {
              "version": "0.3.0",
              "resolved": "https://registry.npmjs.org/cookie-jar/-/cookie-jar-0.3.0.tgz",
              "integrity": "sha1-vJon1OK5fhhs1XyeIGPLmfpozMw="
            },
            "forever-agent": {
              "version": "0.5.2",
              "resolved": "https://registry.npmjs.org/forever-agent/-/forever-agent-0.5.2.tgz",
              "integrity": "sha1-bQ4JxJIflKJ/Y9O0nF/v8epMUTA="
            },
            "form-data": {
              "version": "0.0.8",
              "resolved": "https://registry.npmjs.org/form-data/-/form-data-0.0.8.tgz",
              "integrity": "sha1-CJDNEAXFzOzAudJKiAUskkQtDbU=",
              "requires": {
                "async": "0.2.10",
                "combined-stream": "0.0.7",
                "mime": "1.2.11"
              },
              "dependencies": {
                "combined-stream": {
                  "version": "0.0.7",
                  "resolved": "https://registry.npmjs.org/combined-stream/-/combined-stream-0.0.7.tgz",
                  "integrity": "sha1-ATfmV7qlp1QcV6w3rF/AfXO03B8=",
                  "requires": {
                    "delayed-stream": "0.0.5"
                  },
                  "dependencies": {
                    "delayed-stream": {
                      "version": "0.0.5",
                      "resolved": "https://registry.npmjs.org/delayed-stream/-/delayed-stream-0.0.5.tgz",
                      "integrity": "sha1-1LH0OpPoKW3+AmlPRoC8N6MTxz8="
                    }
                  }
                }
              }
            },
            "hawk": {
              "version": "0.13.1",
              "resolved": "https://registry.npmjs.org/hawk/-/hawk-0.13.1.tgz",
              "integrity": "sha1-NheViCH1gxHk1/beKR/KZitBLvQ=",
              "requires": {
                "boom": "0.4.2",
                "cryptiles": "0.2.2",
                "hoek": "0.8.5",
                "sntp": "0.2.4"
              },
              "dependencies": {
                "boom": {
                  "version": "0.4.2",
                  "resolved": "https://registry.npmjs.org/boom/-/boom-0.4.2.tgz",
                  "integrity": "sha1-emNune1O/O+xnO9JR6PGffrukRs=",
                  "requires": {
                    "hoek": "0.9.1"
                  },
                  "dependencies": {
                    "hoek": {
                      "version": "0.9.1",
                      "resolved": "https://registry.npmjs.org/hoek/-/hoek-0.9.1.tgz",
                      "integrity": "sha1-PTIkYrrfB3Fup+uFuviAec3c5QU="
                    }
                  }
                },
                "cryptiles": {
                  "version": "0.2.2",
                  "resolved": "https://registry.npmjs.org/cryptiles/-/cryptiles-0.2.2.tgz",
                  "integrity": "sha1-7ZH/HxetE9N0gohZT4pIoNJvMlw=",
                  "requires": {
                    "boom": "0.4.2"
                  }
                },
                "hoek": {
                  "version": "0.8.5",
                  "resolved": "https://registry.npmjs.org/hoek/-/hoek-0.8.5.tgz",
                  "integrity": "sha1-Hp/XcO9+vgJ0rfy1sIBqAlpeTp8="
                },
                "sntp": {
                  "version": "0.2.4",
                  "resolved": "https://registry.npmjs.org/sntp/-/sntp-0.2.4.tgz",
                  "integrity": "sha1-+4hfGLDzqtGJ+CSGJTa87ux1CQA=",
                  "requires": {
                    "hoek": "0.9.1"
                  },
                  "dependencies": {
                    "hoek": {
                      "version": "0.9.1",
                      "resolved": "https://registry.npmjs.org/hoek/-/hoek-0.9.1.tgz",
                      "integrity": "sha1-PTIkYrrfB3Fup+uFuviAec3c5QU="
                    }
                  }
                }
              }
            },
            "http-signature": {
              "version": "0.10.1",
              "resolved": "https://registry.npmjs.org/http-signature/-/http-signature-0.10.1.tgz",
              "integrity": "sha1-T72sEyVZqoMjEh5UB3nAoBKyfmY=",
              "requires": {
                "asn1": "0.1.11",
                "assert-plus": "0.1.5",
                "ctype": "0.5.3"
              },
              "dependencies": {
                "asn1": {
                  "version": "0.1.11",
                  "resolved": "https://registry.npmjs.org/asn1/-/asn1-0.1.11.tgz",
                  "integrity": "sha1-VZvhg3bQik7E2+gId9J4GGObLfc="
                },
                "assert-plus": {
                  "version": "0.1.5",
                  "resolved": "https://registry.npmjs.org/assert-plus/-/assert-plus-0.1.5.tgz",
                  "integrity": "sha1-7nQAlBMALYTOxyGcasgRgS5yMWA="
                },
                "ctype": {
                  "version": "0.5.3",
                  "resolved": "https://registry.npmjs.org/ctype/-/ctype-0.5.3.tgz",
                  "integrity": "sha1-gsGMJGH3QRTvFsE1IkrQuRRMoS8="
                }
              }
            },
            "json-stringify-safe": {
              "version": "4.0.0",
              "resolved": "https://registry.npmjs.org/json-stringify-safe/-/json-stringify-safe-4.0.0.tgz",
              "integrity": "sha1-d8JxqupUMC5o7+rMtWq78GqbGlQ="
            },
            "mime": {
              "version": "1.2.11",
              "resolved": "https://registry.npmjs.org/mime/-/mime-1.2.11.tgz",
              "integrity": "sha1-WCA+7Ybjpe8XrtK32evUfwpg3RA="
            },
            "node-uuid": {
              "version": "1.4.7",
              "resolved": "https://registry.npmjs.org/node-uuid/-/node-uuid-1.4.7.tgz",
              "integrity": "sha1-baWhdmjEs91ZYjvaEc9/pMH2Cm8="
            },
            "oauth-sign": {
              "version": "0.3.0",
              "resolved": "https://registry.npmjs.org/oauth-sign/-/oauth-sign-0.3.0.tgz",
              "integrity": "sha1-y1QPk7srIqfVlBaRoojWDo6pOG4="
            },
            "qs": {
              "version": "0.6.6",
              "resolved": "https://registry.npmjs.org/qs/-/qs-0.6.6.tgz",
              "integrity": "sha1-bgFQmP9RlouKPIGQAdXyyJvEsQc="
            },
            "tunnel-agent": {
              "version": "0.3.0",
              "resolved": "https://registry.npmjs.org/tunnel-agent/-/tunnel-agent-0.3.0.tgz",
              "integrity": "sha1-rWgbaPUyGtKCfEz7G31d8s/pQu4="
            }
          }
        },
        "through": {
          "version": "2.3.8",
          "resolved": "https://registry.npmjs.org/through/-/through-2.3.8.tgz",
          "integrity": "sha1-DdTJ/6q8NXlgsbckEV1+Doai4fU="
        }
      }
    },
    "json": {
      "version": "9.0.3",
      "resolved": "https://registry.npmjs.org/json/-/json-9.0.3.tgz",
      "integrity": "sha1-CN0O2p3aMKQNl4zIgjws5y311PE=",
      "dev": true
    },
    "lodash": {
      "version": "2.4.1",
      "resolved": "https://registry.npmjs.org/lodash/-/lodash-2.4.1.tgz",
      "integrity": "sha1-W3cjA03aTSYuWkb7LFjXzCL3FCA="
    },
    "moment-timezone": {
      "version": "0.5.5",
      "resolved": "https://registry.npmjs.org/moment-timezone/-/moment-timezone-0.5.5.tgz",
      "integrity": "sha1-odVBCnLBil8pPyouYocKgK1DLa4=",
      "requires": {
        "moment": "2.19.1"
      },
      "dependencies": {
        "moment": {
          "version": "2.19.1",
          "resolved": "https://registry.npmjs.org/moment/-/moment-2.19.1.tgz",
          "integrity": "sha1-VtoaLRy/AdOLfhr8McELz6GSkWc="
        }
      }
    },
    "nomnom": {
      "version": "1.6.2",
      "resolved": "https://registry.npmjs.org/nomnom/-/nomnom-1.6.2.tgz",
      "integrity": "sha1-hKZqJgF0QI/Ft3oY+IjszET7aXE=",
      "requires": {
        "colors": "0.5.1",
        "underscore": "1.4.4"
      },
      "dependencies": {
        "colors": {
          "version": "0.5.1",
          "resolved": "https://registry.npmjs.org/colors/-/colors-0.5.1.tgz",
          "integrity": "sha1-fQAj6usVTo7p/Oddy5I9DtFmd3Q="
        },
        "underscore": {
          "version": "1.4.4",
          "resolved": "https://registry.npmjs.org/underscore/-/underscore-1.4.4.tgz",
          "integrity": "sha1-YaajIBBiKvoHljvzJSA88SI51gQ="
        }
      }
    },
    "parse-link-header": {
      "version": "0.1.0",
      "resolved": "https://registry.npmjs.org/parse-link-header/-/parse-link-header-0.1.0.tgz",
      "integrity": "sha1-VQP6f7LzVLsjQlXBxCHaPrBbkYU=",
      "requires": {
        "xtend": "2.0.6"
      },
      "dependencies": {
        "xtend": {
          "version": "2.0.6",
          "resolved": "https://registry.npmjs.org/xtend/-/xtend-2.0.6.tgz",
          "integrity": "sha1-XqZXptukRwacLlnFihE4ywxebO4=",
          "requires": {
            "is-object": "0.1.2",
            "object-keys": "0.2.0"
          },
          "dependencies": {
            "is-object": {
              "version": "0.1.2",
              "resolved": "https://registry.npmjs.org/is-object/-/is-object-0.1.2.tgz",
              "integrity": "sha1-AO+8CIFsM8/ErIJR0TLhDcZQmNc="
            },
            "object-keys": {
              "version": "0.2.0",
              "resolved": "https://registry.npmjs.org/object-keys/-/object-keys-0.2.0.tgz",
              "integrity": "sha1-zd7AKZiwkb5CvxA1rjLknxy26mc=",
              "requires": {
                "foreach": "2.0.5",
                "indexof": "0.0.1",
                "is": "0.2.7"
              },
              "dependencies": {
                "foreach": {
                  "version": "2.0.5",
                  "resolved": "https://registry.npmjs.org/foreach/-/foreach-2.0.5.tgz",
                  "integrity": "sha1-C+4AUBiusmDQo6865ljdATbsG5k="
                },
                "indexof": {
                  "version": "0.0.1",
                  "resolved": "https://registry.npmjs.org/indexof/-/indexof-0.0.1.tgz",
                  "integrity": "sha1-gtwzbSMrkGIXnQWrMpOmYFn9Q10="
                },
                "is": {
                  "version": "0.2.7",
                  "resolved": "https://registry.npmjs.org/is/-/is-0.2.7.tgz",
                  "integrity": "sha1-OzSixI81mXLzUEKEkZOucmS2NWI="
                }
              }
            }
          }
        }
      }
    },
    "semver": {
      "version": "5.4.1",
      "resolved": "https://registry.npmjs.org/semver/-/semver-5.4.1.tgz",
      "integrity": "sha512-WfG/X9+oATh81XtllIo/I8gOiY9EXRdv1cQdyykeXK17YcUW3EXUAi2To4pcH6nZtJPr7ZOpM5OMyWJZm+8Rsg=="
    }
  }
}
